
Microsoft Visual Studio Solution File, Format Version 12.00
# Visual Studio Version 17
VisualStudioVersion = 17.0.31903.59
MinimumVisualStudioVersion = 10.0.40219.1
Project("{2150E333-8FDC-42A3-9474-1A3956D46DE8}") = "src", "src", "{1AE5E66D-005A-4C11-84E8-B737D527B8D9}"
EndProject
Project("{2150E333-8FDC-42A3-9474-1A3956D46DE8}") = "Backend", "Backend", "{546C1D98-440D-4AEE-B222-EB8A93636532}"
EndProject
Project("{FAE04EC0-301F-11D3-BF4B-00C04F79EFBC}") = "BloodDonationDb.API", "src\Backend\BloodDonationDb.API\BloodDonationDb.API.csproj", "{D72BF78F-B1A4-490A-9CE0-970E278924C3}"
EndProject
Project("{FAE04EC0-301F-11D3-BF4B-00C04F79EFBC}") = "BloodDonationDb.Application", "src\Backend\BloodDonationDb.Application\BloodDonationDb.Application.csproj", "{CC26C4DB-F689-4293-854D-BA11059C2D21}"
EndProject
Project("{FAE04EC0-301F-11D3-BF4B-00C04F79EFBC}") = "BloodDonationDb.Domain", "src\Backend\BloodDonationDb.Domain\BloodDonationDb.Domain.csproj", "{BACE1647-8F54-4462-8CBA-8A16A2AF97F2}"
EndProject
Project("{FAE04EC0-301F-11D3-BF4B-00C04F79EFBC}") = "BloodDonationDb.Infrastructure", "src\Backend\BloodDonationDb.Infrastructure\BloodDonationDb.Infrastructure.csproj", "{7439E8DB-AACD-41B7-9A2E-32A352CF9B1B}"
EndProject
Project("{2150E333-8FDC-42A3-9474-1A3956D46DE8}") = "tests", "tests", "{235D4860-D51D-4DE4-8E29-F49DB1DDF5F7}"
EndProject
Project("{FAE04EC0-301F-11D3-BF4B-00C04F79EFBC}") = "CommomTestUtilities", "tests\CommomTestUtilities\CommomTestUtilities.csproj", "{430A1447-5147-4DC5-B025-2F0E53CA5234}"
EndProject
Project("{FAE04EC0-301F-11D3-BF4B-00C04F79EFBC}") = "Domain.Test", "tests\Domain.Test\Domain.Test.csproj", "{A5C780B6-AAFC-4015-9CE3-26B0696542A8}"
EndProject
Project("{2150E333-8FDC-42A3-9474-1A3956D46DE8}") = "Shared", "Shared", "{B0CC6BC5-F22A-42FA-BA18-D55CC7C0BB1E}"
EndProject
Project("{FAE04EC0-301F-11D3-BF4B-00C04F79EFBC}") = "BloodDonationDb.Comunication", "src\Shared\BloodDonationDb.Comunication\BloodDonationDb.Comunication.csproj", "{18ED6058-1FEA-4537-A5A5-E98A3C1F1266}"
EndProject
Project("{FAE04EC0-301F-11D3-BF4B-00C04F79EFBC}") = "Commands.Test", "tests\Commands.Test\Commands.Test.csproj", "{082EFA39-3E65-4EC4-A608-9EE6A9010677}"
EndProject
Project("{FAE04EC0-301F-11D3-BF4B-00C04F79EFBC}") = "WebAPI.Test", "tests\WebAPI.Test\WebAPI.Test.csproj", "{7620ABC1-6D7B-4F32-96CC-A2B090821466}"
EndProject
Project("{FAE04EC0-301F-11D3-BF4B-00C04F79EFBC}") = "BloodDonationDb.Exceptions", "src\Shared\BloodDonationDb.Exceptions\BloodDonationDb.Exceptions.csproj", "{7BFE9DF9-CD3C-41A4-80D8-B3B150062AA1}"
EndProject
Project("{FAE04EC0-301F-11D3-BF4B-00C04F79EFBC}") = "Validators.Test", "tests\Validators.Test\Validators.Test.csproj", "{64B48393-3CE1-4978-B30A-CCEE170D9C38}"
EndProject
Project("{FAE04EC0-301F-11D3-BF4B-00C04F79EFBC}") = "Queries.Test", "tests\Queries.Test\Queries.Test.csproj", "{3A10C8BA-12FF-42CB-B1CF-D7150646874C}"
EndProject
Global
	GlobalSection(SolutionConfigurationPlatforms) = preSolution
		Debug|Any CPU = Debug|Any CPU
		Release|Any CPU = Release|Any CPU
	EndGlobalSection
	GlobalSection(ProjectConfigurationPlatforms) = postSolution
		{D72BF78F-B1A4-490A-9CE0-970E278924C3}.Debug|Any CPU.ActiveCfg = Debug|Any CPU
		{D72BF78F-B1A4-490A-9CE0-970E278924C3}.Debug|Any CPU.Build.0 = Debug|Any CPU
		{D72BF78F-B1A4-490A-9CE0-970E278924C3}.Release|Any CPU.ActiveCfg = Release|Any CPU
		{D72BF78F-B1A4-490A-9CE0-970E278924C3}.Release|Any CPU.Build.0 = Release|Any CPU
		{CC26C4DB-F689-4293-854D-BA11059C2D21}.Debug|Any CPU.ActiveCfg = Debug|Any CPU
		{CC26C4DB-F689-4293-854D-BA11059C2D21}.Debug|Any CPU.Build.0 = Debug|Any CPU
		{CC26C4DB-F689-4293-854D-BA11059C2D21}.Release|Any CPU.ActiveCfg = Release|Any CPU
		{CC26C4DB-F689-4293-854D-BA11059C2D21}.Release|Any CPU.Build.0 = Release|Any CPU
		{BACE1647-8F54-4462-8CBA-8A16A2AF97F2}.Debug|Any CPU.ActiveCfg = Debug|Any CPU
		{BACE1647-8F54-4462-8CBA-8A16A2AF97F2}.Debug|Any CPU.Build.0 = Debug|Any CPU
		{BACE1647-8F54-4462-8CBA-8A16A2AF97F2}.Release|Any CPU.ActiveCfg = Release|Any CPU
		{BACE1647-8F54-4462-8CBA-8A16A2AF97F2}.Release|Any CPU.Build.0 = Release|Any CPU
		{7439E8DB-AACD-41B7-9A2E-32A352CF9B1B}.Debug|Any CPU.ActiveCfg = Debug|Any CPU
		{7439E8DB-AACD-41B7-9A2E-32A352CF9B1B}.Debug|Any CPU.Build.0 = Debug|Any CPU
		{7439E8DB-AACD-41B7-9A2E-32A352CF9B1B}.Release|Any CPU.ActiveCfg = Release|Any CPU
		{7439E8DB-AACD-41B7-9A2E-32A352CF9B1B}.Release|Any CPU.Build.0 = Release|Any CPU
		{430A1447-5147-4DC5-B025-2F0E53CA5234}.Debug|Any CPU.ActiveCfg = Debug|Any CPU
		{430A1447-5147-4DC5-B025-2F0E53CA5234}.Debug|Any CPU.Build.0 = Debug|Any CPU
		{430A1447-5147-4DC5-B025-2F0E53CA5234}.Release|Any CPU.ActiveCfg = Release|Any CPU
		{430A1447-5147-4DC5-B025-2F0E53CA5234}.Release|Any CPU.Build.0 = Release|Any CPU
		{A5C780B6-AAFC-4015-9CE3-26B0696542A8}.Debug|Any CPU.ActiveCfg = Debug|Any CPU
		{A5C780B6-AAFC-4015-9CE3-26B0696542A8}.Debug|Any CPU.Build.0 = Debug|Any CPU
		{A5C780B6-AAFC-4015-9CE3-26B0696542A8}.Release|Any CPU.ActiveCfg = Release|Any CPU
		{A5C780B6-AAFC-4015-9CE3-26B0696542A8}.Release|Any CPU.Build.0 = Release|Any CPU
		{18ED6058-1FEA-4537-A5A5-E98A3C1F1266}.Debug|Any CPU.ActiveCfg = Debug|Any CPU
		{18ED6058-1FEA-4537-A5A5-E98A3C1F1266}.Debug|Any CPU.Build.0 = Debug|Any CPU
		{18ED6058-1FEA-4537-A5A5-E98A3C1F1266}.Release|Any CPU.ActiveCfg = Release|Any CPU
		{18ED6058-1FEA-4537-A5A5-E98A3C1F1266}.Release|Any CPU.Build.0 = Release|Any CPU
		{082EFA39-3E65-4EC4-A608-9EE6A9010677}.Debug|Any CPU.ActiveCfg = Debug|Any CPU
		{082EFA39-3E65-4EC4-A608-9EE6A9010677}.Debug|Any CPU.Build.0 = Debug|Any CPU
		{082EFA39-3E65-4EC4-A608-9EE6A9010677}.Release|Any CPU.ActiveCfg = Release|Any CPU
		{082EFA39-3E65-4EC4-A608-9EE6A9010677}.Release|Any CPU.Build.0 = Release|Any CPU
		{7620ABC1-6D7B-4F32-96CC-A2B090821466}.Debug|Any CPU.ActiveCfg = Debug|Any CPU
		{7620ABC1-6D7B-4F32-96CC-A2B090821466}.Debug|Any CPU.Build.0 = Debug|Any CPU
		{7620ABC1-6D7B-4F32-96CC-A2B090821466}.Release|Any CPU.ActiveCfg = Release|Any CPU
		{7620ABC1-6D7B-4F32-96CC-A2B090821466}.Release|Any CPU.Build.0 = Release|Any CPU
		{7BFE9DF9-CD3C-41A4-80D8-B3B150062AA1}.Debug|Any CPU.ActiveCfg = Debug|Any CPU
		{7BFE9DF9-CD3C-41A4-80D8-B3B150062AA1}.Debug|Any CPU.Build.0 = Debug|Any CPU
		{7BFE9DF9-CD3C-41A4-80D8-B3B150062AA1}.Release|Any CPU.ActiveCfg = Release|Any CPU
		{7BFE9DF9-CD3C-41A4-80D8-B3B150062AA1}.Release|Any CPU.Build.0 = Release|Any CPU
		{64B48393-3CE1-4978-B30A-CCEE170D9C38}.Debug|Any CPU.ActiveCfg = Debug|Any CPU
		{64B48393-3CE1-4978-B30A-CCEE170D9C38}.Debug|Any CPU.Build.0 = Debug|Any CPU
		{64B48393-3CE1-4978-B30A-CCEE170D9C38}.Release|Any CPU.ActiveCfg = Release|Any CPU
		{64B48393-3CE1-4978-B30A-CCEE170D9C38}.Release|Any CPU.Build.0 = Release|Any CPU
		{3A10C8BA-12FF-42CB-B1CF-D7150646874C}.Debug|Any CPU.ActiveCfg = Debug|Any CPU
		{3A10C8BA-12FF-42CB-B1CF-D7150646874C}.Debug|Any CPU.Build.0 = Debug|Any CPU
		{3A10C8BA-12FF-42CB-B1CF-D7150646874C}.Release|Any CPU.ActiveCfg = Release|Any CPU
		{3A10C8BA-12FF-42CB-B1CF-D7150646874C}.Release|Any CPU.Build.0 = Release|Any CPU
	EndGlobalSection
	GlobalSection(SolutionProperties) = preSolution
		HideSolutionNode = FALSE
	EndGlobalSection
	GlobalSection(NestedProjects) = preSolution
		{546C1D98-440D-4AEE-B222-EB8A93636532} = {1AE5E66D-005A-4C11-84E8-B737D527B8D9}
		{D72BF78F-B1A4-490A-9CE0-970E278924C3} = {546C1D98-440D-4AEE-B222-EB8A93636532}
		{CC26C4DB-F689-4293-854D-BA11059C2D21} = {546C1D98-440D-4AEE-B222-EB8A93636532}
		{BACE1647-8F54-4462-8CBA-8A16A2AF97F2} = {546C1D98-440D-4AEE-B222-EB8A93636532}
		{7439E8DB-AACD-41B7-9A2E-32A352CF9B1B} = {546C1D98-440D-4AEE-B222-EB8A93636532}
		{430A1447-5147-4DC5-B025-2F0E53CA5234} = {235D4860-D51D-4DE4-8E29-F49DB1DDF5F7}
		{A5C780B6-AAFC-4015-9CE3-26B0696542A8} = {235D4860-D51D-4DE4-8E29-F49DB1DDF5F7}
		{B0CC6BC5-F22A-42FA-BA18-D55CC7C0BB1E} = {1AE5E66D-005A-4C11-84E8-B737D527B8D9}
		{18ED6058-1FEA-4537-A5A5-E98A3C1F1266} = {B0CC6BC5-F22A-42FA-BA18-D55CC7C0BB1E}
		{082EFA39-3E65-4EC4-A608-9EE6A9010677} = {235D4860-D51D-4DE4-8E29-F49DB1DDF5F7}
		{7620ABC1-6D7B-4F32-96CC-A2B090821466} = {235D4860-D51D-4DE4-8E29-F49DB1DDF5F7}
		{7BFE9DF9-CD3C-41A4-80D8-B3B150062AA1} = {B0CC6BC5-F22A-42FA-BA18-D55CC7C0BB1E}
		{64B48393-3CE1-4978-B30A-CCEE170D9C38} = {235D4860-D51D-4DE4-8E29-F49DB1DDF5F7}
		{3A10C8BA-12FF-42CB-B1CF-D7150646874C} = {235D4860-D51D-4DE4-8E29-F49DB1DDF5F7}
	EndGlobalSection
EndGlobal
